
Microsoft Visual Studio Solution File, Format Version 12.00
# Visual Studio Version 17
VisualStudioVersion = 17.11.35219.272
MinimumVisualStudioVersion = 10.0.40219.1
Project("{FAE04EC0-301F-11D3-BF4B-00C04F79EFBC}") = "BaiTap02B", "BaiTap02B\BaiTap02B.csproj", "{ABE6ACED-7552-4AD2-BEEA-BA8CF4A987F6}"
EndProject
Global
	GlobalSection(SolutionConfigurationPlatforms) = preSolution
		Debug|Any CPU = Debug|Any CPU
		Release|Any CPU = Release|Any CPU
	EndGlobalSection
	GlobalSection(ProjectConfigurationPlatforms) = postSolution
		{ABE6ACED-7552-4AD2-BEEA-BA8CF4A987F6}.Debug|Any CPU.ActiveCfg = Debug|Any CPU
		{ABE6ACED-7552-4AD2-BEEA-BA8CF4A987F6}.Debug|Any CPU.Build.0 = Debug|Any CPU
		{ABE6ACED-7552-4AD2-BEEA-BA8CF4A987F6}.Release|Any CPU.ActiveCfg = Release|Any CPU
		{ABE6ACED-7552-4AD2-BEEA-BA8CF4A987F6}.Release|Any CPU.Build.0 = Release|Any CPU
	EndGlobalSection
	GlobalSection(SolutionProperties) = preSolution
		HideSolutionNode = FALSE
	EndGlobalSection
	GlobalSection(ExtensibilityGlobals) = postSolution
		SolutionGuid = {8174AE6D-3243-430D-98B3-1F4215B6028A}
	EndGlobalSection
EndGlobal
