
Microsoft Visual Studio Solution File, Format Version 12.00
# Visual Studio Version 17
VisualStudioVersion = 17.11.35219.272
MinimumVisualStudioVersion = 10.0.40219.1
Project("{FAE04EC0-301F-11D3-BF4B-00C04F79EFBC}") = "BaiKiemTra02", "BaiKiemTra02\BaiKiemTra02.csproj", "{C31A70CC-30C5-4F13-80A7-97880EA07BB0}"
EndProject
Global
	GlobalSection(SolutionConfigurationPlatforms) = preSolution
		Debug|Any CPU = Debug|Any CPU
		Release|Any CPU = Release|Any CPU
	EndGlobalSection
	GlobalSection(ProjectConfigurationPlatforms) = postSolution
		{C31A70CC-30C5-4F13-80A7-97880EA07BB0}.Debug|Any CPU.ActiveCfg = Debug|Any CPU
		{C31A70CC-30C5-4F13-80A7-97880EA07BB0}.Debug|Any CPU.Build.0 = Debug|Any CPU
		{C31A70CC-30C5-4F13-80A7-97880EA07BB0}.Release|Any CPU.ActiveCfg = Release|Any CPU
		{C31A70CC-30C5-4F13-80A7-97880EA07BB0}.Release|Any CPU.Build.0 = Release|Any CPU
	EndGlobalSection
	GlobalSection(SolutionProperties) = preSolution
		HideSolutionNode = FALSE
	EndGlobalSection
	GlobalSection(ExtensibilityGlobals) = postSolution
		SolutionGuid = {2295E470-894A-4F55-9188-3D2E2B834C7A}
	EndGlobalSection
EndGlobal
